<?xml version="1.0" encoding="utf-8"?>
<Project ToolsVersion="4.0" xmlns="http://schemas.microsoft.com/developer/msbuild/2003">
  <ItemGroup>
    <ClCompile Include="imgui\imgui.cpp">
      <Filter>imgui</Filter>
    </ClCompile>
    <ClCompile Include="imgui\imgui_demo.cpp">
      <Filter>imgui</Filter>
    </ClCompile>
    <ClCompile Include="imgui\imgui_draw.cpp">
      <Filter>imgui</Filter>
    </ClCompile>
    <ClCompile Include="imgui\imgui_tables.cpp">
      <Filter>imgui</Filter>
    </ClCompile>
    <ClCompile Include="imgui\imgui_widgets.cpp">
      <Filter>imgui</Filter>
    </ClCompile>
    <ClCompile Include="imgui\imgui-SFML.cpp">
      <Filter>imgui</Filter>
    </ClCompile>
    <ClCompile Include="Action.cpp">
      <Filter>cpp</Filter>
    </ClCompile>
    <ClCompile Include="Animation.cpp">
      <Filter>cpp</Filter>
    </ClCompile>
    <ClCompile Include="Assets.cpp">
      <Filter>cpp</Filter>
    </ClCompile>
    <ClCompile Include="Entity.cpp">
      <Filter>cpp</Filter>
    </ClCompile>
    <ClCompile Include="EntityManager.cpp">
      <Filter>cpp</Filter>
    </ClCompile>
    <ClCompile Include="GameEngine.cpp">
      <Filter>cpp</Filter>
    </ClCompile>
    <ClCompile Include="main.cpp">
      <Filter>cpp</Filter>
    </ClCompile>
    <ClCompile Include="Scene.cpp">
      <Filter>cpp</Filter>
    </ClCompile>
    <ClCompile Include="Scene_Level.cpp">
      <Filter>cpp</Filter>
    </ClCompile>
    <ClCompile Include="Scene_Menu.cpp">
      <Filter>cpp</Filter>
    </ClCompile>
    <ClCompile Include="Vec2.cpp">
      <Filter>cpp</Filter>
    </ClCompile>
    <ClCompile Include="Physics.cpp">
      <Filter>cpp</Filter>
    </ClCompile>
    <ClCompile Include="Scene_GameOver.cpp" />
  </ItemGroup>
  <ItemGroup>
    <ClInclude Include="imgui\imconfig.h">
      <Filter>imgui</Filter>
    </ClInclude>
    <ClInclude Include="imgui\imconfig-SFML.h">
      <Filter>imgui</Filter>
    </ClInclude>
    <ClInclude Include="imgui\imgui.h">
      <Filter>imgui</Filter>
    </ClInclude>
    <ClInclude Include="imgui\imgui_internal.h">
      <Filter>imgui</Filter>
    </ClInclude>
    <ClInclude Include="imgui\imgui-SFML.h">
      <Filter>imgui</Filter>
    </ClInclude>
    <ClInclude Include="imgui\imgui-SFML_export.h">
      <Filter>imgui</Filter>
    </ClInclude>
    <ClInclude Include="imgui\imstb_rectpack.h">
      <Filter>imgui</Filter>
    </ClInclude>
    <ClInclude Include="imgui\imstb_textedit.h">
      <Filter>imgui</Filter>
    </ClInclude>
    <ClInclude Include="imgui\imstb_truetype.h">
      <Filter>imgui</Filter>
    </ClInclude>
    <ClInclude Include="Action.h">
      <Filter>headers</Filter>
    </ClInclude>
    <ClInclude Include="Animation.h">
      <Filter>headers</Filter>
    </ClInclude>
    <ClInclude Include="Assets.h">
      <Filter>headers</Filter>
    </ClInclude>
    <ClInclude Include="Components.h">
      <Filter>headers</Filter>
    </ClInclude>
    <ClInclude Include="Entity.h">
      <Filter>headers</Filter>
    </ClInclude>
    <ClInclude Include="EntityManager.h">
      <Filter>headers</Filter>
    </ClInclude>
    <ClInclude Include="GameEngine.h">
      <Filter>headers</Filter>
    </ClInclude>
    <ClInclude Include="Scene.h">
      <Filter>headers</Filter>
    </ClInclude>
    <ClInclude Include="Scene_Level.h">
      <Filter>headers</Filter>
    </ClInclude>
    <ClInclude Include="Scene_Menu.h">
      <Filter>headers</Filter>
    </ClInclude>
    <ClInclude Include="Vec2.h">
      <Filter>headers</Filter>
    </ClInclude>
    <ClInclude Include="Physics.h">
      <Filter>headers</Filter>
    </ClInclude>
    <ClInclude Include="Scene_GameOver.h" />
  </ItemGroup>
  <ItemGroup>
    <Filter Include="imgui">
      <UniqueIdentifier>{42f6fcf1-c4e8-489a-9451-161852497184}</UniqueIdentifier>
    </Filter>
    <Filter Include="headers">
      <UniqueIdentifier>{5ab2bdef-39f5-4bf8-8a8a-2a91ba56df6d}</UniqueIdentifier>
    </Filter>
    <Filter Include="cpp">
      <UniqueIdentifier>{972f425e-36fa-43f4-9866-389f3b3ac242}</UniqueIdentifier>
    </Filter>
  </ItemGroup>
</Project>